
Microsoft Visual Studio Solution File, Format Version 12.00
# Visual Studio 14
VisualStudioVersion = 14.0.25420.1
MinimumVisualStudioVersion = 10.0.40219.1
Project("{FAE04EC0-301F-11D3-BF4B-00C04F79EFBC}") = "RotatingChores", "RotatingChores\RotatingChores.csproj", "{8B51C10C-D2BE-4D5A-AD62-98E1FCFC42D8}"
EndProject
Project("{FAE04EC0-301F-11D3-BF4B-00C04F79EFBC}") = "RotatingChoresData", "RotatingChoresData\RotatingChoresData.csproj", "{B4702F45-ABD1-47F4-A3C6-658EF27667F8}"
EndProject
Project("{2150E333-8FDC-42A3-9474-1A3956D46DE8}") = "Solution Items", "Solution Items", "{97CB44BE-6604-40DA-8E93-EC3AF692E627}"
	ProjectSection(SolutionItems) = preProject
		README.md = README.md
	EndProjectSection
EndProject
Global
	GlobalSection(SolutionConfigurationPlatforms) = preSolution
		Debug|Any CPU = Debug|Any CPU
		Release|Any CPU = Release|Any CPU
	EndGlobalSection
	GlobalSection(ProjectConfigurationPlatforms) = postSolution
		{8B51C10C-D2BE-4D5A-AD62-98E1FCFC42D8}.Debug|Any CPU.ActiveCfg = Debug|Any CPU
		{8B51C10C-D2BE-4D5A-AD62-98E1FCFC42D8}.Debug|Any CPU.Build.0 = Debug|Any CPU
		{8B51C10C-D2BE-4D5A-AD62-98E1FCFC42D8}.Release|Any CPU.ActiveCfg = Release|Any CPU
		{8B51C10C-D2BE-4D5A-AD62-98E1FCFC42D8}.Release|Any CPU.Build.0 = Release|Any CPU
		{B4702F45-ABD1-47F4-A3C6-658EF27667F8}.Debug|Any CPU.ActiveCfg = Debug|Any CPU
		{B4702F45-ABD1-47F4-A3C6-658EF27667F8}.Debug|Any CPU.Build.0 = Debug|Any CPU
		{B4702F45-ABD1-47F4-A3C6-658EF27667F8}.Release|Any CPU.ActiveCfg = Release|Any CPU
		{B4702F45-ABD1-47F4-A3C6-658EF27667F8}.Release|Any CPU.Build.0 = Release|Any CPU
	EndGlobalSection
	GlobalSection(SolutionProperties) = preSolution
		HideSolutionNode = FALSE
	EndGlobalSection
EndGlobal
